
Microsoft Visual Studio Solution File, Format Version 12.00
# Visual Studio Version 17
VisualStudioVersion = 17.8.34309.116
MinimumVisualStudioVersion = 10.0.40219.1
Project("{FAE04EC0-301F-11D3-BF4B-00C04F79EFBC}") = "ATRANS", "ATRANS_2\ATRANS.csproj", "{3020310D-D10B-4758-8CCA-0C6CFBE2E50F}"
EndProject
Global
	GlobalSection(SolutionConfigurationPlatforms) = preSolution
		Debug|Any CPU = Debug|Any CPU
		Release|Any CPU = Release|Any CPU
	EndGlobalSection
	GlobalSection(ProjectConfigurationPlatforms) = postSolution
		{3020310D-D10B-4758-8CCA-0C6CFBE2E50F}.Debug|Any CPU.ActiveCfg = Debug|Any CPU
		{3020310D-D10B-4758-8CCA-0C6CFBE2E50F}.Debug|Any CPU.Build.0 = Debug|Any CPU
		{3020310D-D10B-4758-8CCA-0C6CFBE2E50F}.Release|Any CPU.ActiveCfg = Release|Any CPU
		{3020310D-D10B-4758-8CCA-0C6CFBE2E50F}.Release|Any CPU.Build.0 = Release|Any CPU
	EndGlobalSection
	GlobalSection(SolutionProperties) = preSolution
		HideSolutionNode = FALSE
	EndGlobalSection
	GlobalSection(ExtensibilityGlobals) = postSolution
		SolutionGuid = {EEEB9DCC-2E5A-4CAE-BE7F-B4A4AEB5476A}
	EndGlobalSection
EndGlobal
